<?xml version="1.0" encoding="utf-8"?>
<Project ToolsVersion="4.0" xmlns="http://schemas.microsoft.com/developer/msbuild/2003">
  <ItemGroup>
    <Filter Include="Source Files">
      <UniqueIdentifier>{ec509471-8a5b-42c3-8050-2dedca99eb32}</UniqueIdentifier>
    </Filter>
    <Filter Include="Source Files\ppc32">
      <UniqueIdentifier>{d298c68b-d31f-407f-a809-9c8693466443}</UniqueIdentifier>
    </Filter>
    <Filter Include="Source Files\piii">
      <UniqueIdentifier>{e1867402-924e-4090-bd52-6fa539181071}</UniqueIdentifier>
    </Filter>
    <Filter Include="Header Files">
      <UniqueIdentifier>{ccb02597-f868-4449-83eb-ca1fd26969fe}</UniqueIdentifier>
    </Filter>
    <Filter Include="Assembler Files">
      <UniqueIdentifier>{2cff4bc5-6055-4205-9674-f3a418e899e7}</UniqueIdentifier>
    </Filter>
  </ItemGroup>
  <ItemGroup>
    <ClCompile Include="..\..\src\lasieve4\gmp-aux.c" />
    <ClCompile Include="..\..\src\lasieve4\gnfs-lasieve4e.c" />
    <ClCompile Include="..\..\src\lasieve4\input-poly.c" />
    <ClCompile Include="..\..\src\lasieve4\lasieve-prepn.c" />
    <ClCompile Include="..\..\src\lasieve4\mpqs.c" />
    <ClCompile Include="..\..\src\lasieve4\prho.c" />
    <ClCompile Include="..\..\src\lasieve4\primgen32.c" />
    <ClCompile Include="..\..\src\lasieve4\real-poly-aux.c" />
    <ClCompile Include="..\..\src\lasieve4\recurrence6.c" />
    <ClCompile Include="..\..\src\lasieve4\redu2.c" />
    <ClCompile Include="..\..\src\lasieve4\ppc32\gcd32.c" />
    <ClCompile Include="..\..\src\lasieve4\ppc32\lasched.c" />
    <ClCompile Include="..\..\src\lasieve4\ppc32\medsched.c" />
    <ClCompile Include="..\..\src\lasieve4\ppc32\modinv32.c" />
    <ClCompile Include="..\..\src\lasieve4\ppc32\psp.c" />
    <ClCompile Include="..\..\src\lasieve4\piii\basemath.c" />
    <ClCompile Include="..\..\src\lasieve4\piii\gcd32.c" />
    <ClCompile Include="..\..\src\lasieve4\piii\lasched.c" />
    <ClCompile Include="..\..\src\lasieve4\piii\medsched.c" />
    <ClCompile Include="..\..\src\lasieve4\piii\montgomery_mul.c" />
    <ClCompile Include="..\..\src\lasieve4\piii\psp.c" />
    <ClCompile Include="..\..\src\lasieve4\piii\siever-config.c" />
  </ItemGroup>
  <ItemGroup>
    <ClInclude Include="..\..\src\if.h" />
    <ClInclude Include="..\..\src\lasieve4\lasieve.h" />
    <ClInclude Include="..\..\src\lasieve4\piii\siever-config.h" />
  </ItemGroup>
  <ItemGroup>
    <YASM Include="..\..\src\lasieve4\piii\asm_mul128.asm" />
    <YASM Include="..\..\src\lasieve4\piii\asm_mul64.asm" />
    <YASM Include="..\..\src\lasieve4\piii\asm_mul96.asm" />
    <YASM Include="..\..\src\lasieve4\piii\modinv1002.asm" />
    <YASM Include="..\..\src\lasieve4\piii\mpqs_eval.asm" />
    <YASM Include="..\..\src\lasieve4\piii\mpqs_sieve.asm" />
    <YASM Include="..\..\src\lasieve4\piii\mpqs_td.asm" />
    <YASM Include="..\..\src\lasieve4\piii\ri-aux.asm" />
    <YASM Include="..\..\src\lasieve4\piii\sieve-from-sched.asm" />
  </ItemGroup>
</Project>