<?xml version="1.0" encoding="utf-8"?>
<Project ToolsVersion="4.0" xmlns="http://schemas.microsoft.com/developer/msbuild/2003">
  <ItemGroup>
    <Filter Include="Source Files">
      <UniqueIdentifier>{1dfb05ba-23d8-47a3-adb5-36682583afbe}</UniqueIdentifier>
    </Filter>
    <Filter Include="Header Files">
      <UniqueIdentifier>{119e4b34-3895-444a-a1db-9eb0709d821f}</UniqueIdentifier>
    </Filter>
    <Filter Include="Assembler Files">
      <UniqueIdentifier>{129a3a86-60fc-4a9e-8723-d5789c17726b}</UniqueIdentifier>
    </Filter>
  </ItemGroup>
  <ItemGroup>
    <ClCompile Include="..\..\src\lasieve4\piii\basemath.c">
      <Filter>Source Files</Filter>
    </ClCompile>
    <ClCompile Include="..\..\src\lasieve4\piii\medsched.c">
      <Filter>Source Files</Filter>
    </ClCompile>
    <ClCompile Include="..\..\src\lasieve4\ppc32\gcd32.c">
      <Filter>Source Files</Filter>
    </ClCompile>
    <ClCompile Include="..\..\src\lasieve4\piii\gcd32.c">
      <Filter>Source Files</Filter>
    </ClCompile>
    <ClCompile Include="..\..\src\lasieve4\gmp-aux.c">
      <Filter>Source Files</Filter>
    </ClCompile>
    <ClCompile Include="..\..\src\lasieve4\gnfs-lasieve4e.c">
      <Filter>Source Files</Filter>
    </ClCompile>
    <ClCompile Include="..\..\src\lasieve4\input-poly.c">
      <Filter>Source Files</Filter>
    </ClCompile>
    <ClCompile Include="..\..\src\lasieve4\ppc32\lasched.c">
      <Filter>Source Files</Filter>
    </ClCompile>
    <ClCompile Include="..\..\src\lasieve4\piii\lasched.c">
      <Filter>Source Files</Filter>
    </ClCompile>
    <ClCompile Include="..\..\src\lasieve4\lasieve-prepn.c">
      <Filter>Source Files</Filter>
    </ClCompile>
    <ClCompile Include="..\..\src\lasieve4\ppc32\medsched.c">
      <Filter>Source Files</Filter>
    </ClCompile>
    <ClCompile Include="..\..\src\lasieve4\ppc32\modinv32.c">
      <Filter>Source Files</Filter>
    </ClCompile>
    <ClCompile Include="..\..\src\lasieve4\piii\siever-config.c">
      <Filter>Source Files</Filter>
    </ClCompile>
    <ClCompile Include="..\..\src\lasieve4\piii\montgomery_mul.c">
      <Filter>Source Files</Filter>
    </ClCompile>
    <ClCompile Include="..\..\src\lasieve4\mpqs.c">
      <Filter>Source Files</Filter>
    </ClCompile>
    <ClCompile Include="..\..\src\lasieve4\prho.c">
      <Filter>Source Files</Filter>
    </ClCompile>
    <ClCompile Include="..\..\src\lasieve4\primgen32.c">
      <Filter>Source Files</Filter>
    </ClCompile>
    <ClCompile Include="..\..\src\lasieve4\ppc32\psp.c">
      <Filter>Source Files</Filter>
    </ClCompile>
    <ClCompile Include="..\..\src\lasieve4\piii\psp.c">
      <Filter>Source Files</Filter>
    </ClCompile>
    <ClCompile Include="..\..\src\lasieve4\real-poly-aux.c">
      <Filter>Source Files</Filter>
    </ClCompile>
    <ClCompile Include="..\..\src\lasieve4\recurrence6.c">
      <Filter>Source Files</Filter>
    </ClCompile>
    <ClCompile Include="..\..\src\lasieve4\redu2.c">
      <Filter>Source Files</Filter>
    </ClCompile>
  </ItemGroup>
  <ItemGroup>
    <ClInclude Include="..\..\if.h">
      <Filter>Header Files</Filter>
    </ClInclude>
    <ClInclude Include="..\..\src\lasieve4\generic\32bit.h">
      <Filter>Header Files</Filter>
    </ClInclude>
    <ClInclude Include="..\..\src\lasieve4\lasieve.h">
      <Filter>Header Files</Filter>
    </ClInclude>
    <ClInclude Include="..\..\src\lasieve4\piii\siever-config.h">
      <Filter>Header Files</Filter>
    </ClInclude>
  </ItemGroup>
  <ItemGroup>
    <YASM Include="..\..\src\lasieve4\piii\asm_mul128.asm">
      <Filter>Assembler Files</Filter>
    </YASM>
    <YASM Include="..\..\src\lasieve4\piii\asm_mul64.asm">
      <Filter>Assembler Files</Filter>
    </YASM>
    <YASM Include="..\..\src\lasieve4\piii\asm_mul96.asm">
      <Filter>Assembler Files</Filter>
    </YASM>
    <YASM Include="..\..\src\lasieve4\piii\modinv1002.asm">
      <Filter>Assembler Files</Filter>
    </YASM>
    <YASM Include="..\..\src\lasieve4\piii\mpqs_eval.asm">
      <Filter>Assembler Files</Filter>
    </YASM>
    <YASM Include="..\..\src\lasieve4\piii\mpqs_sieve.asm">
      <Filter>Assembler Files</Filter>
    </YASM>
    <YASM Include="..\..\src\lasieve4\piii\mpqs_td.asm">
      <Filter>Assembler Files</Filter>
    </YASM>
    <YASM Include="..\..\src\lasieve4\piii\sieve-from-sched.asm">
      <Filter>Assembler Files</Filter>
    </YASM>
    <YASM Include="..\..\src\lasieve4\piii\ri-aux.asm">
      <Filter>Assembler Files</Filter>
    </YASM>
  </ItemGroup>
</Project>