<?xml version="1.0" encoding="utf-8"?>
<Project ToolsVersion="4.0" xmlns="http://schemas.microsoft.com/developer/msbuild/2003">
  <ItemGroup>
    <Filter Include="Source Files">
      <UniqueIdentifier>{002a4ddd-08b0-4421-8390-a99379bdfa66}</UniqueIdentifier>
    </Filter>
    <Filter Include="Source Files\ppc32">
      <UniqueIdentifier>{f44aa03d-b6e4-4247-b497-7dc30ae6c548}</UniqueIdentifier>
    </Filter>
    <Filter Include="Source Files\piii">
      <UniqueIdentifier>{dc7a6586-3752-4811-9e6c-fcd122ea2557}</UniqueIdentifier>
    </Filter>
    <Filter Include="Header Files">
      <UniqueIdentifier>{66c87244-cb1b-4d58-a3df-6af50512efc3}</UniqueIdentifier>
    </Filter>
    <Filter Include="Assembler Files">
      <UniqueIdentifier>{f7d42092-0e4f-4be6-ad04-40953d4aa87e}</UniqueIdentifier>
    </Filter>
  </ItemGroup>
  <ItemGroup>
    <ClCompile Include="..\..\src\lasieve4\gmp-aux.c" />
    <ClCompile Include="..\..\src\lasieve4\gnfs-lasieve4e.c" />
    <ClCompile Include="..\..\src\lasieve4\input-poly.c" />
    <ClCompile Include="..\..\src\lasieve4\lasieve-prepn.c" />
    <ClCompile Include="..\..\src\lasieve4\mpqs.c" />
    <ClCompile Include="..\..\src\lasieve4\prho.c" />
    <ClCompile Include="..\..\src\lasieve4\primgen32.c" />
    <ClCompile Include="..\..\src\lasieve4\real-poly-aux.c" />
    <ClCompile Include="..\..\src\lasieve4\recurrence6.c" />
    <ClCompile Include="..\..\src\lasieve4\redu2.c" />
    <ClCompile Include="..\..\src\lasieve4\ppc32\gcd32.c" />
    <ClCompile Include="..\..\src\lasieve4\ppc32\lasched.c" />
    <ClCompile Include="..\..\src\lasieve4\ppc32\medsched.c" />
    <ClCompile Include="..\..\src\lasieve4\ppc32\modinv32.c" />
    <ClCompile Include="..\..\src\lasieve4\ppc32\psp.c" />
    <ClCompile Include="..\..\src\lasieve4\piii\basemath.c" />
    <ClCompile Include="..\..\src\lasieve4\piii\gcd32.c" />
    <ClCompile Include="..\..\src\lasieve4\piii\lasched.c" />
    <ClCompile Include="..\..\src\lasieve4\piii\medsched.c" />
    <ClCompile Include="..\..\src\lasieve4\piii\montgomery_mul.c" />
    <ClCompile Include="..\..\src\lasieve4\piii\psp.c" />
    <ClCompile Include="..\..\src\lasieve4\piii\siever-config.c" />
  </ItemGroup>
  <ItemGroup>
    <ClInclude Include="..\..\if.h">
      <Filter>Header Files</Filter>
    </ClInclude>
    <ClInclude Include="..\..\src\lasieve4\generic\32bit.h" />
    <ClInclude Include="..\..\src\lasieve4\lasieve.h" />
    <ClInclude Include="..\..\src\lasieve4\piii\siever-config.h" />
  </ItemGroup>
  <ItemGroup>
    <YASM Include="..\..\src\lasieve4\piii\asm_mul128.asm" />
    <YASM Include="..\..\src\lasieve4\piii\asm_mul64.asm" />
    <YASM Include="..\..\src\lasieve4\piii\asm_mul96.asm" />
    <YASM Include="..\..\src\lasieve4\piii\modinv1002.asm" />
    <YASM Include="..\..\src\lasieve4\piii\mpqs_eval.asm" />
    <YASM Include="..\..\src\lasieve4\piii\mpqs_sieve.asm" />
    <YASM Include="..\..\src\lasieve4\piii\mpqs_td.asm" />
    <YASM Include="..\..\src\lasieve4\piii\ri-aux.asm" />
    <YASM Include="..\..\src\lasieve4\piii\sieve-from-sched.asm" />
  </ItemGroup>
</Project>